// !$*UTF8*$!
{
	archiveVersion = 1;
	classes = {
	};
	objectVersion = 46;
	objects = {

/* Begin PBXBuildFile section */
		C865FAD21B29838300280B1F /* main.m in Sources */ = {isa = PBXBuildFile; fileRef = C865FAD11B29838300280B1F /* main.m */; };
		C865FAD51B29838300280B1F /* AppDelegate.m in Sources */ = {isa = PBXBuildFile; fileRef = C865FAD41B29838300280B1F /* AppDelegate.m */; };
		C865FAD81B29838300280B1F /* ViewController.m in Sources */ = {isa = PBXBuildFile; fileRef = C865FAD71B29838300280B1F /* ViewController.m */; };
		C865FADB1B29838300280B1F /* Main.storyboard in Resources */ = {isa = PBXBuildFile; fileRef = C865FAD91B29838300280B1F /* Main.storyboard */; };
		C865FADD1B29838300280B1F /* Images.xcassets in Resources */ = {isa = PBXBuildFile; fileRef = C865FADC1B29838300280B1F /* Images.xcassets */; };
		C865FAE01B29838300280B1F /* LaunchScreen.xib in Resources */ = {isa = PBXBuildFile; fileRef = C865FADE1B29838300280B1F /* LaunchScreen.xib */; };
		C865FAEC1B29838300280B1F /* EVATests.m in Sources */ = {isa = PBXBuildFile; fileRef = C865FAEB1B29838300280B1F /* EVATests.m */; };
/* End PBXBuildFile section */

/* Begin PBXContainerItemProxy section */
		C865FAE61B29838300280B1F /* PBXContainerItemProxy */ = {
			isa = PBXContainerItemProxy;
			containerPortal = C865FAC41B29838300280B1F /* Project object */;
			proxyType = 1;
			remoteGlobalIDString = C865FACB1B29838300280B1F;
			remoteInfo = EVA;
		};
/* End PBXContainerItemProxy section */

/* Begin PBXFileReference section */
		C865FACC1B29838300280B1F /* EVA.app */ = {isa = PBXFileReference; explicitFileType = wrapper.application; includeInIndex = 0; path = EVA.app; sourceTree = BUILT_PRODUCTS_DIR; };
		C865FAD01B29838300280B1F /* Info.plist */ = {isa = PBXFileReference; lastKnownFileType = text.plist.xml; path = Info.plist; sourceTree = "<group>"; };
		C865FAD11B29838300280B1F /* main.m */ = {isa = PBXFileReference; lastKnownFileType = sourcecode.c.objc; path = main.m; sourceTree = "<group>"; };
		C865FAD31B29838300280B1F /* AppDelegate.h */ = {isa = PBXFileReference; lastKnownFileType = sourcecode.c.h; path = AppDelegate.h; sourceTree = "<group>"; };
		C865FAD41B29838300280B1F /* AppDelegate.m */ = {isa = PBXFileReference; lastKnownFileType = sourcecode.c.objc; path = AppDelegate.m; sourceTree = "<group>"; };
		C865FAD61B29838300280B1F /* ViewController.h */ = {isa = PBXFileReference; lastKnownFileType = sourcecode.c.h; path = ViewController.h; sourceTree = "<group>"; };
		C865FAD71B29838300280B1F /* ViewController.m */ = {isa = PBXFileReference; lastKnownFileType = sourcecode.c.objc; path = ViewController.m; sourceTree = "<group>"; };
		C865FADA1B29838300280B1F /* Base */ = {isa = PBXFileReference; lastKnownFileType = file.storyboard; name = Base; path = Base.lproj/Main.storyboard; sourceTree = "<group>"; };
		C865FADC1B29838300280B1F /* Images.xcassets */ = {isa = PBXFileReference; lastKnownFileType = folder.assetcatalog; path = Images.xcassets; sourceTree = "<group>"; };
		C865FADF1B29838300280B1F /* Base */ = {isa = PBXFileReference; lastKnownFileType = file.xib; name = Base; path = Base.lproj/LaunchScreen.xib; sourceTree = "<group>"; };
		C865FAE51B29838300280B1F /* EVATests.xctest */ = {isa = PBXFileReference; explicitFileType = wrapper.cfbundle; includeInIndex = 0; path = EVATests.xctest; sourceTree = BUILT_PRODUCTS_DIR; };
		C865FAEA1B29838300280B1F /* Info.plist */ = {isa = PBXFileReference; lastKnownFileType = text.plist.xml; path = Info.plist; sourceTree = "<group>"; };
		C865FAEB1B29838300280B1F /* EVATests.m */ = {isa = PBXFileReference; lastKnownFileType = sourcecode.c.objc; path = EVATests.m; sourceTree = "<group>"; };
/* End PBXFileReference section */

/* Begin PBXFrameworksBuildPhase section */
		C865FAC91B29838300280B1F /* Frameworks */ = {
			isa = PBXFrameworksBuildPhase;
			buildActionMask = 2147483647;
			files = (
			);
			runOnlyForDeploymentPostprocessing = 0;
		};
		C865FAE21B29838300280B1F /* Frameworks */ = {
			isa = PBXFrameworksBuildPhase;
			buildActionMask = 2147483647;
			files = (
			);
			runOnlyForDeploymentPostprocessing = 0;
		};
/* End PBXFrameworksBuildPhase section */

/* Begin PBXGroup section */
		C865FAC31B29838300280B1F = {
			isa = PBXGroup;
			children = (
				C865FACE1B29838300280B1F /* EVA */,
				C865FAE81B29838300280B1F /* EVATests */,
				C865FACD1B29838300280B1F /* Products */,
			);
			sourceTree = "<group>";
		};
		C865FACD1B29838300280B1F /* Products */ = {
			isa = PBXGroup;
			children = (
				C865FACC1B29838300280B1F /* EVA.app */,
				C865FAE51B29838300280B1F /* EVATests.xctest */,
			);
			name = Products;
			sourceTree = "<group>";
		};
		C865FACE1B29838300280B1F /* EVA */ = {
			isa = PBXGroup;
			children = (
				C865FAD31B29838300280B1F /* AppDelegate.h */,
				C865FAD41B29838300280B1F /* AppDelegate.m */,
				C865FAD61B29838300280B1F /* ViewController.h */,
				C865FAD71B29838300280B1F /* ViewController.m */,
				C865FAD91B29838300280B1F /* Main.storyboard */,
				C865FADC1B29838300280B1F /* Images.xcassets */,
				C865FADE1B29838300280B1F /* LaunchScreen.xib */,
				C865FACF1B29838300280B1F /* Supporting Files */,
			);
			path = EVA;
			sourceTree = "<group>";
		};
		C865FACF1B29838300280B1F /* Supporting Files */ = {
			isa = PBXGroup;
			children = (
				C865FAD01B29838300280B1F /* Info.plist */,
				C865FAD11B29838300280B1F /* main.m */,
			);
			name = "Supporting Files";
			sourceTree = "<group>";
		};
		C865FAE81B29838300280B1F /* EVATests */ = {
			isa = PBXGroup;
			children = (
				C865FAEB1B29838300280B1F /* EVATests.m */,
				C865FAE91B29838300280B1F /* Supporting Files */,
			);
			path = EVATests;
			sourceTree = "<group>";
		};
		C865FAE91B29838300280B1F /* Supporting Files */ = {
			isa = PBXGroup;
			children = (
				C865FAEA1B29838300280B1F /* Info.plist */,
			);
			name = "Supporting Files";
			sourceTree = "<group>";
		};
/* End PBXGroup section */

/* Begin PBXNativeTarget section */
		C865FACB1B29838300280B1F /* EVA */ = {
			isa = PBXNativeTarget;
			buildConfigurationList = C865FAEF1B29838300280B1F /* Build configuration list for PBXNativeTarget "EVA" */;
			buildPhases = (
				C865FAC81B29838300280B1F /* Sources */,
				C865FAC91B29838300280B1F /* Frameworks */,
				C865FACA1B29838300280B1F /* Resources */,
			);
			buildRules = (
			);
			dependencies = (
			);
			name = EVA;
			productName = EVA;
			productReference = C865FACC1B29838300280B1F /* EVA.app */;
			productType = "com.apple.product-type.application";
		};
		C865FAE41B29838300280B1F /* EVATests */ = {
			isa = PBXNativeTarget;
			buildConfigurationList = C865FAF21B29838300280B1F /* Build configuration list for PBXNativeTarget "EVATests" */;
			buildPhases = (
				C865FAE11B29838300280B1F /* Sources */,
				C865FAE21B29838300280B1F /* Frameworks */,
				C865FAE31B29838300280B1F /* Resources */,
			);
			buildRules = (
			);
			dependencies = (
				C865FAE71B29838300280B1F /* PBXTargetDependency */,
			);
			name = EVATests;
			productName = EVATests;
			productReference = C865FAE51B29838300280B1F /* EVATests.xctest */;
			productType = "com.apple.product-type.bundle.unit-test";
		};
/* End PBXNativeTarget section */

/* Begin PBXProject section */
		C865FAC41B29838300280B1F /* Project object */ = {
			isa = PBXProject;
			attributes = {
				LastUpgradeCheck = 0640;
				ORGANIZATIONNAME = 47Billion;
				TargetAttributes = {
					C865FACB1B29838300280B1F = {
						CreatedOnToolsVersion = 6.3.2;
					};
					C865FAE41B29838300280B1F = {
						CreatedOnToolsVersion = 6.3.2;
						TestTargetID = C865FACB1B29838300280B1F;
					};
				};
			};
			buildConfigurationList = C865FAC71B29838300280B1F /* Build configuration list for PBXProject "EVA" */;
			compatibilityVersion = "Xcode 3.2";
			developmentRegion = English;
			hasScannedForEncodings = 0;
			knownRegions = (
				en,
				Base,
			);
			mainGroup = C865FAC31B29838300280B1F;
			productRefGroup = C865FACD1B29838300280B1F /* Products */;
			projectDirPath = "";
			projectRoot = "";
			targets = (
				C865FACB1B29838300280B1F /* EVA */,
				C865FAE41B29838300280B1F /* EVATests */,
			);
		};
/* End PBXProject section */

/* Begin PBXResourcesBuildPhase section */
		C865FACA1B29838300280B1F /* Resources */ = {
			isa = PBXResourcesBuildPhase;
			buildActionMask = 2147483647;
			files = (
				C865FADB1B29838300280B1F /* Main.storyboard in Resources */,
				C865FAE01B29838300280B1F /* LaunchScreen.xib in Resources */,
				C865FADD1B29838300280B1F /* Images.xcassets in Resources */,
			);
			runOnlyForDeploymentPostprocessing = 0;
		};
		C865FAE31B29838300280B1F /* Resources */ = {
			isa = PBXResourcesBuildPhase;
			buildActionMask = 2147483647;
			files = (
			);
			runOnlyForDeploymentPostprocessing = 0;
		};
/* End PBXResourcesBuildPhase section */

/* Begin PBXSourcesBuildPhase section */
		C865FAC81B29838300280B1F /* Sources */ = {
			isa = PBXSourcesBuildPhase;
			buildActionMask = 2147483647;
			files = (
				C865FAD81B29838300280B1F /* ViewController.m in Sources */,
				C865FAD51B29838300280B1F /* AppDelegate.m in Sources */,
				C865FAD21B29838300280B1F /* main.m in Sources */,
			);
			runOnlyForDeploymentPostprocessing = 0;
		};
		C865FAE11B29838300280B1F /* Sources */ = {
			isa = PBXSourcesBuildPhase;
			buildActionMask = 2147483647;
			files = (
				C865FAEC1B29838300280B1F /* EVATests.m in Sources */,
			);
			runOnlyForDeploymentPostprocessing = 0;
		};
/* End PBXSourcesBuildPhase section */

/* Begin PBXTargetDependency section */
		C865FAE71B29838300280B1F /* PBXTargetDependency */ = {
			isa = PBXTargetDependency;
			target = C865FACB1B29838300280B1F /* EVA */;
			targetProxy = C865FAE61B29838300280B1F /* PBXContainerItemProxy */;
		};
/* End PBXTargetDependency section */

/* Begin PBXVariantGroup section */
		C865FAD91B29838300280B1F /* Main.storyboard */ = {
			isa = PBXVariantGroup;
			children = (
				C865FADA1B29838300280B1F /* Base */,
			);
			name = Main.storyboard;
			sourceTree = "<group>";
		};
		C865FADE1B29838300280B1F /* LaunchScreen.xib */ = {
			isa = PBXVariantGroup;
			children = (
				C865FADF1B29838300280B1F /* Base */,
			);
			name = LaunchScreen.xib;
			sourceTree = "<group>";
		};
/* End PBXVariantGroup section */

/* Begin XCBuildConfiguration section */
		C865FAED1B29838300280B1F /* Debug */ = {
			isa = XCBuildConfiguration;
			buildSettings = {
				ALWAYS_SEARCH_USER_PATHS = NO;
				CLANG_CXX_LANGUAGE_STANDARD = "gnu++0x";
				CLANG_CXX_LIBRARY = "libc++";
				CLANG_ENABLE_MODULES = YES;
				CLANG_ENABLE_OBJC_ARC = YES;
				CLANG_WARN_BOOL_CONVERSION = YES;
				CLANG_WARN_CONSTANT_CONVERSION = YES;
				CLANG_WARN_DIRECT_OBJC_ISA_USAGE = YES_ERROR;
				CLANG_WARN_EMPTY_BODY = YES;
				CLANG_WARN_ENUM_CONVERSION = YES;
				CLANG_WARN_INT_CONVERSION = YES;
				CLANG_WARN_OBJC_ROOT_CLASS = YES_ERROR;
				CLANG_WARN_UNREACHABLE_CODE = YES;
				CLANG_WARN__DUPLICATE_METHOD_MATCH = YES;
				"CODE_SIGN_IDENTITY[sdk=iphoneos*]" = "iPhone Developer";
				COPY_PHASE_STRIP = NO;
				DEBUG_INFORMATION_FORMAT = "dwarf-with-dsym";
				ENABLE_STRICT_OBJC_MSGSEND = YES;
				GCC_C_LANGUAGE_STANDARD = gnu99;
				GCC_DYNAMIC_NO_PIC = NO;
				GCC_NO_COMMON_BLOCKS = YES;
				GCC_OPTIMIZATION_LEVEL = 0;
				GCC_PREPROCESSOR_DEFINITIONS = (
					"DEBUG=1",
					"$(inherited)",
				);
				GCC_SYMBOLS_PRIVATE_EXTERN = NO;
				GCC_WARN_64_TO_32_BIT_CONVERSION = YES;
				GCC_WARN_ABOUT_RETURN_TYPE = YES_ERROR;
				GCC_WARN_UNDECLARED_SELECTOR = YES;
				GCC_WARN_UNINITIALIZED_AUTOS = YES_AGGRESSIVE;
				GCC_WARN_UNUSED_FUNCTION = YES;
				GCC_WARN_UNUSED_VARIABLE = YES;
				IPHONEOS_DEPLOYMENT_TARGET = 8.3;
				MTL_ENABLE_DEBUG_INFO = YES;
				ONLY_ACTIVE_ARCH = YES;
				SDKROOT = iphoneos;
			};
			name = Debug;
		};
		C865FAEE1B29838300280B1F /* Release */ = {
			isa = XCBuildConfiguration;
			buildSettings = {
				ALWAYS_SEARCH_USER_PATHS = NO;
				CLANG_CXX_LANGUAGE_STANDARD = "gnu++0x";
				CLANG_CXX_LIBRARY = "libc++";
				CLANG_ENABLE_MODULES = YES;
				CLANG_ENABLE_OBJC_ARC = YES;
				CLANG_WARN_BOOL_CONVERSION = YES;
				CLANG_WARN_CONSTANT_CONVERSION = YES;
				CLANG_WARN_DIRECT_OBJC_ISA_USAGE = YES_ERROR;
				CLANG_WARN_EMPTY_BODY = YES;
				CLANG_WARN_ENUM_CONVERSION = YES;
				CLANG_WARN_INT_CONVERSION = YES;
				CLANG_WARN_OBJC_ROOT_CLASS = YES_ERROR;
				CLANG_WARN_UNREACHABLE_CODE = YES;
				CLANG_WARN__DUPLICATE_METHOD_MATCH = YES;
				"CODE_SIGN_IDENTITY[sdk=iphoneos*]" = "iPhone Developer";
				COPY_PHASE_STRIP = NO;
				DEBUG_INFORMATION_FORMAT = "dwarf-with-dsym";
				ENABLE_NS_ASSERTIONS = NO;
				ENABLE_STRICT_OBJC_MSGSEND = YES;
				GCC_C_LANGUAGE_STANDARD = gnu99;
				GCC_NO_COMMON_BLOCKS = YES;
				GCC_WARN_64_TO_32_BIT_CONVERSION = YES;
				GCC_WARN_ABOUT_RETURN_TYPE = YES_ERROR;
				GCC_WARN_UNDECLARED_SELECTOR = YES;
				GCC_WARN_UNINITIALIZED_AUTOS = YES_AGGRESSIVE;
				GCC_WARN_UNUSED_FUNCTION = YES;
				GCC_WARN_UNUSED_VARIABLE = YES;
				IPHONEOS_DEPLOYMENT_TARGET = 8.3;
				MTL_ENABLE_DEBUG_INFO = NO;
				SDKROOT = iphoneos;
				VALIDATE_PRODUCT = YES;
			};
			name = Release;
		};
		C865FAF01B29838300280B1F /* Debug */ = {
			isa = XCBuildConfiguration;
			buildSettings = {
				ASSETCATALOG_COMPILER_APPICON_NAME = AppIcon;
				INFOPLIST_FILE = EVA/Info.plist;
				LD_RUNPATH_SEARCH_PATHS = "$(inherited) @executable_path/Frameworks";
				PRODUCT_NAME = "$(TARGET_NAME)";
			};
			name = Debug;
		};
		C865FAF11B29838300280B1F /* Release */ = {
			isa = XCBuildConfiguration;
			buildSettings = {
				ASSETCATALOG_COMPILER_APPICON_NAME = AppIcon;
				INFOPLIST_FILE = EVA/Info.plist;
				LD_RUNPATH_SEARCH_PATHS = "$(inherited) @executable_path/Frameworks";
				PRODUCT_NAME = "$(TARGET_NAME)";
			};
			name = Release;
		};
		C865FAF31B29838300280B1F /* Debug */ = {
			isa = XCBuildConfiguration;
			buildSettings = {
				BUNDLE_LOADER = "$(TEST_HOST)";
				FRAMEWORK_SEARCH_PATHS = (
					"$(SDKROOT)/Developer/Library/Frameworks",
					"$(inherited)",
				);
				GCC_PREPROCESSOR_DEFINITIONS = (
					"DEBUG=1",
					"$(inherited)",
				);
				INFOPLIST_FILE = EVATests/Info.plist;
				LD_RUNPATH_SEARCH_PATHS = "$(inherited) @executable_path/Frameworks @loader_path/Frameworks";
				PRODUCT_NAME = "$(TARGET_NAME)";
				TEST_HOST = "$(BUILT_PRODUCTS_DIR)/EVA.app/EVA";
			};
			name = Debug;
		};
		C865FAF41B29838300280B1F /* Release */ = {
			isa = XCBuildConfiguration;
			buildSettings = {
				BUNDLE_LOADER = "$(TEST_HOST)";
				FRAMEWORK_SEARCH_PATHS = (
					"$(SDKROOT)/Developer/Library/Frameworks",
					"$(inherited)",
				);
				INFOPLIST_FILE = EVATests/Info.plist;
				LD_RUNPATH_SEARCH_PATHS = "$(inherited) @executable_path/Frameworks @loader_path/Frameworks";
				PRODUCT_NAME = "$(TARGET_NAME)";
				TEST_HOST = "$(BUILT_PRODUCTS_DIR)/EVA.app/EVA";
			};
			name = Release;
		};
/* End XCBuildConfiguration section */

/* Begin XCConfigurationList section */
		C865FAC71B29838300280B1F /* Build configuration list for PBXProject "EVA" */ = {
			isa = XCConfigurationList;
			buildConfigurations = (
				C865FAED1B29838300280B1F /* Debug */,
				C865FAEE1B29838300280B1F /* Release */,
			);
			defaultConfigurationIsVisible = 0;
			defaultConfigurationName = Release;
		};
		C865FAEF1B29838300280B1F /* Build configuration list for PBXNativeTarget "EVA" */ = {
			isa = XCConfigurationList;
			buildConfigurations = (
				C865FAF01B29838300280B1F /* Debug */,
				C865FAF11B29838300280B1F /* Release */,
			);
			defaultConfigurationIsVisible = 0;
		};
		C865FAF21B29838300280B1F /* Build configuration list for PBXNativeTarget "EVATests" */ = {
			isa = XCConfigurationList;
			buildConfigurations = (
				C865FAF31B29838300280B1F /* Debug */,
				C865FAF41B29838300280B1F /* Release */,
			);
			defaultConfigurationIsVisible = 0;
		};
/* End XCConfigurationList section */
	};
	rootObject = C865FAC41B29838300280B1F /* Project object */;
}
